
Microsoft Visual Studio Solution File, Format Version 12.00
# Visual Studio 15
VisualStudioVersion = 15.0.33026.149
MinimumVisualStudioVersion = 10.0.40219.1
Project("{FAE04EC0-301F-11D3-BF4B-00C04F79EFBC}") = "DemoCallAPI", "DemoCallAPI\DemoCallAPI.csproj", "{3A40558E-4875-4FEE-AA32-45ED047E2FB7}"
EndProject
Global
	GlobalSection(SolutionConfigurationPlatforms) = preSolution
		Debug|Any CPU = Debug|Any CPU
		Release|Any CPU = Release|Any CPU
	EndGlobalSection
	GlobalSection(ProjectConfigurationPlatforms) = postSolution
		{3A40558E-4875-4FEE-AA32-45ED047E2FB7}.Debug|Any CPU.ActiveCfg = Debug|Any CPU
		{3A40558E-4875-4FEE-AA32-45ED047E2FB7}.Debug|Any CPU.Build.0 = Debug|Any CPU
		{3A40558E-4875-4FEE-AA32-45ED047E2FB7}.Release|Any CPU.ActiveCfg = Release|Any CPU
		{3A40558E-4875-4FEE-AA32-45ED047E2FB7}.Release|Any CPU.Build.0 = Release|Any CPU
	EndGlobalSection
	GlobalSection(SolutionProperties) = preSolution
		HideSolutionNode = FALSE
	EndGlobalSection
	GlobalSection(ExtensibilityGlobals) = postSolution
		SolutionGuid = {CEF17308-828F-4730-A56A-179F29670904}
	EndGlobalSection
EndGlobal
